
Microsoft Visual Studio Solution File, Format Version 12.00
# Visual Studio 2012
Project("{B1E792BE-AA5F-4E3C-8C82-674BF9C0715B}") = "BaseConcept", "BaseConcept.tsproj", "{E8F7F309-3CA1-47D8-84C5-826A21E700BC}"
EndProject
Global
	GlobalSection(SolutionConfigurationPlatforms) = preSolution
		Debug|TwinCAT CE7 (ARMV7) = Debug|TwinCAT CE7 (ARMV7)
		Debug|TwinCAT RT (x64) = Debug|TwinCAT RT (x64)
		Debug|TwinCAT RT (x86) = Debug|TwinCAT RT (x86)
		Release|TwinCAT CE7 (ARMV7) = Release|TwinCAT CE7 (ARMV7)
		Release|TwinCAT RT (x64) = Release|TwinCAT RT (x64)
		Release|TwinCAT RT (x86) = Release|TwinCAT RT (x86)
	EndGlobalSection
	GlobalSection(ProjectConfigurationPlatforms) = postSolution
		{E8F7F309-3CA1-47D8-84C5-826A21E700BC}.Debug|TwinCAT CE7 (ARMV7).ActiveCfg = Debug|TwinCAT CE7 (ARMV7)
		{E8F7F309-3CA1-47D8-84C5-826A21E700BC}.Debug|TwinCAT CE7 (ARMV7).Build.0 = Debug|TwinCAT CE7 (ARMV7)
		{E8F7F309-3CA1-47D8-84C5-826A21E700BC}.Debug|TwinCAT RT (x64).ActiveCfg = Debug|TwinCAT RT (x64)
		{E8F7F309-3CA1-47D8-84C5-826A21E700BC}.Debug|TwinCAT RT (x64).Build.0 = Debug|TwinCAT RT (x64)
		{E8F7F309-3CA1-47D8-84C5-826A21E700BC}.Debug|TwinCAT RT (x86).ActiveCfg = Debug|TwinCAT RT (x86)
		{E8F7F309-3CA1-47D8-84C5-826A21E700BC}.Debug|TwinCAT RT (x86).Build.0 = Debug|TwinCAT RT (x86)
		{E8F7F309-3CA1-47D8-84C5-826A21E700BC}.Release|TwinCAT CE7 (ARMV7).ActiveCfg = Release|TwinCAT CE7 (ARMV7)
		{E8F7F309-3CA1-47D8-84C5-826A21E700BC}.Release|TwinCAT CE7 (ARMV7).Build.0 = Release|TwinCAT CE7 (ARMV7)
		{E8F7F309-3CA1-47D8-84C5-826A21E700BC}.Release|TwinCAT RT (x64).ActiveCfg = Release|TwinCAT RT (x64)
		{E8F7F309-3CA1-47D8-84C5-826A21E700BC}.Release|TwinCAT RT (x64).Build.0 = Release|TwinCAT RT (x64)
		{E8F7F309-3CA1-47D8-84C5-826A21E700BC}.Release|TwinCAT RT (x86).ActiveCfg = Release|TwinCAT RT (x86)
		{E8F7F309-3CA1-47D8-84C5-826A21E700BC}.Release|TwinCAT RT (x86).Build.0 = Release|TwinCAT RT (x86)
		{0BE07A7F-2331-4804-8973-92050309D01B}.Debug|TwinCAT CE7 (ARMV7).ActiveCfg = Debug|TwinCAT CE7 (ARMV7)
		{0BE07A7F-2331-4804-8973-92050309D01B}.Debug|TwinCAT CE7 (ARMV7).Build.0 = Debug|TwinCAT CE7 (ARMV7)
		{0BE07A7F-2331-4804-8973-92050309D01B}.Debug|TwinCAT RT (x64).ActiveCfg = Debug|TwinCAT RT (x64)
		{0BE07A7F-2331-4804-8973-92050309D01B}.Debug|TwinCAT RT (x64).Build.0 = Debug|TwinCAT RT (x64)
		{0BE07A7F-2331-4804-8973-92050309D01B}.Debug|TwinCAT RT (x86).ActiveCfg = Debug|TwinCAT RT (x86)
		{0BE07A7F-2331-4804-8973-92050309D01B}.Debug|TwinCAT RT (x86).Build.0 = Debug|TwinCAT RT (x86)
		{0BE07A7F-2331-4804-8973-92050309D01B}.Release|TwinCAT CE7 (ARMV7).ActiveCfg = Release|TwinCAT CE7 (ARMV7)
		{0BE07A7F-2331-4804-8973-92050309D01B}.Release|TwinCAT CE7 (ARMV7).Build.0 = Release|TwinCAT CE7 (ARMV7)
		{0BE07A7F-2331-4804-8973-92050309D01B}.Release|TwinCAT RT (x64).ActiveCfg = Release|TwinCAT RT (x64)
		{0BE07A7F-2331-4804-8973-92050309D01B}.Release|TwinCAT RT (x64).Build.0 = Release|TwinCAT RT (x64)
		{0BE07A7F-2331-4804-8973-92050309D01B}.Release|TwinCAT RT (x86).ActiveCfg = Release|TwinCAT RT (x86)
		{0BE07A7F-2331-4804-8973-92050309D01B}.Release|TwinCAT RT (x86).Build.0 = Release|TwinCAT RT (x86)
		{BEA43F75-96A6-4F54-AD09-F559F9B95FA9}.Debug|TwinCAT CE7 (ARMV7).ActiveCfg = Debug|TwinCAT CE7 (ARMV7)
		{BEA43F75-96A6-4F54-AD09-F559F9B95FA9}.Debug|TwinCAT CE7 (ARMV7).Build.0 = Debug|TwinCAT CE7 (ARMV7)
		{BEA43F75-96A6-4F54-AD09-F559F9B95FA9}.Debug|TwinCAT RT (x64).ActiveCfg = Debug|TwinCAT RT (x64)
		{BEA43F75-96A6-4F54-AD09-F559F9B95FA9}.Debug|TwinCAT RT (x64).Build.0 = Debug|TwinCAT RT (x64)
		{BEA43F75-96A6-4F54-AD09-F559F9B95FA9}.Debug|TwinCAT RT (x86).ActiveCfg = Debug|TwinCAT RT (x86)
		{BEA43F75-96A6-4F54-AD09-F559F9B95FA9}.Debug|TwinCAT RT (x86).Build.0 = Debug|TwinCAT RT (x86)
		{BEA43F75-96A6-4F54-AD09-F559F9B95FA9}.Release|TwinCAT CE7 (ARMV7).ActiveCfg = Release|TwinCAT CE7 (ARMV7)
		{BEA43F75-96A6-4F54-AD09-F559F9B95FA9}.Release|TwinCAT CE7 (ARMV7).Build.0 = Release|TwinCAT CE7 (ARMV7)
		{BEA43F75-96A6-4F54-AD09-F559F9B95FA9}.Release|TwinCAT RT (x64).ActiveCfg = Release|TwinCAT RT (x64)
		{BEA43F75-96A6-4F54-AD09-F559F9B95FA9}.Release|TwinCAT RT (x64).Build.0 = Release|TwinCAT RT (x64)
		{BEA43F75-96A6-4F54-AD09-F559F9B95FA9}.Release|TwinCAT RT (x86).ActiveCfg = Release|TwinCAT RT (x86)
		{BEA43F75-96A6-4F54-AD09-F559F9B95FA9}.Release|TwinCAT RT (x86).Build.0 = Release|TwinCAT RT (x86)
	EndGlobalSection
	GlobalSection(SolutionProperties) = preSolution
		HideSolutionNode = FALSE
	EndGlobalSection
EndGlobal
